
Microsoft Visual Studio Solution File, Format Version 12.00
# Visual Studio Version 17
VisualStudioVersion = 17.4.33110.190
MinimumVisualStudioVersion = 10.0.40219.1
Project("{FAE04EC0-301F-11D3-BF4B-00C04F79EFBC}") = "RoomLibrary1", "RoomLibrary1\RoomLibrary1.csproj", "{B4E08F40-3966-42B6-B742-019F3ACD165E}"
EndProject
Global
	GlobalSection(SolutionConfigurationPlatforms) = preSolution
		Debug|Any CPU = Debug|Any CPU
		Release|Any CPU = Release|Any CPU
	EndGlobalSection
	GlobalSection(ProjectConfigurationPlatforms) = postSolution
		{B4E08F40-3966-42B6-B742-019F3ACD165E}.Debug|Any CPU.ActiveCfg = Debug|Any CPU
		{B4E08F40-3966-42B6-B742-019F3ACD165E}.Debug|Any CPU.Build.0 = Debug|Any CPU
		{B4E08F40-3966-42B6-B742-019F3ACD165E}.Release|Any CPU.ActiveCfg = Release|Any CPU
		{B4E08F40-3966-42B6-B742-019F3ACD165E}.Release|Any CPU.Build.0 = Release|Any CPU
	EndGlobalSection
	GlobalSection(SolutionProperties) = preSolution
		HideSolutionNode = FALSE
	EndGlobalSection
	GlobalSection(ExtensibilityGlobals) = postSolution
		SolutionGuid = {E62A3372-4741-4422-B3B1-08442C5DBCBE}
	EndGlobalSection
EndGlobal
